
Microsoft Visual Studio Solution File, Format Version 12.00
# Visual Studio 15
VisualStudioVersion = 15.0.28307.645
MinimumVisualStudioVersion = 10.0.40219.1
Project("{FAE04EC0-301F-11D3-BF4B-00C04F79EFBC}") = "HTMLharjoitusMVC", "HTMLharjoitusMVC\HTMLharjoitusMVC.csproj", "{1CD1B4F9-FE90-4EC7-A203-3A73DD3EB860}"
EndProject
Global
	GlobalSection(SolutionConfigurationPlatforms) = preSolution
		Debug|Any CPU = Debug|Any CPU
		Release|Any CPU = Release|Any CPU
	EndGlobalSection
	GlobalSection(ProjectConfigurationPlatforms) = postSolution
		{1CD1B4F9-FE90-4EC7-A203-3A73DD3EB860}.Debug|Any CPU.ActiveCfg = Debug|Any CPU
		{1CD1B4F9-FE90-4EC7-A203-3A73DD3EB860}.Debug|Any CPU.Build.0 = Debug|Any CPU
		{1CD1B4F9-FE90-4EC7-A203-3A73DD3EB860}.Release|Any CPU.ActiveCfg = Release|Any CPU
		{1CD1B4F9-FE90-4EC7-A203-3A73DD3EB860}.Release|Any CPU.Build.0 = Release|Any CPU
	EndGlobalSection
	GlobalSection(SolutionProperties) = preSolution
		HideSolutionNode = FALSE
	EndGlobalSection
	GlobalSection(ExtensibilityGlobals) = postSolution
		SolutionGuid = {5B305808-91DA-41B1-9E34-EC3D0CDF73E4}
	EndGlobalSection
EndGlobal
